
Microsoft Visual Studio Solution File, Format Version 12.00
# Visual Studio Version 17
VisualStudioVersion = 17.10.35122.118
MinimumVisualStudioVersion = 10.0.40219.1
Project("{FAE04EC0-301F-11D3-BF4B-00C04F79EFBC}") = "Application", "Application\Application.csproj", "{16C68292-36AD-4270-8BC1-48288AE9E5F6}"
EndProject
Global
	GlobalSection(SolutionConfigurationPlatforms) = preSolution
		Debug|Any CPU = Debug|Any CPU
		Release|Any CPU = Release|Any CPU
	EndGlobalSection
	GlobalSection(ProjectConfigurationPlatforms) = postSolution
		{16C68292-36AD-4270-8BC1-48288AE9E5F6}.Debug|Any CPU.ActiveCfg = Debug|Any CPU
		{16C68292-36AD-4270-8BC1-48288AE9E5F6}.Debug|Any CPU.Build.0 = Debug|Any CPU
		{16C68292-36AD-4270-8BC1-48288AE9E5F6}.Release|Any CPU.ActiveCfg = Release|Any CPU
		{16C68292-36AD-4270-8BC1-48288AE9E5F6}.Release|Any CPU.Build.0 = Release|Any CPU
	EndGlobalSection
	GlobalSection(SolutionProperties) = preSolution
		HideSolutionNode = FALSE
	EndGlobalSection
	GlobalSection(ExtensibilityGlobals) = postSolution
		SolutionGuid = {6D2BE4FF-906E-4DD3-9DF7-AA325D9C6CE5}
	EndGlobalSection
EndGlobal
